
Microsoft Visual Studio Solution File, Format Version 12.00
# Visual Studio 15
VisualStudioVersion = 15.0.28307.572
MinimumVisualStudioVersion = 10.0.40219.1
Project("{FAE04EC0-301F-11D3-BF4B-00C04F79EFBC}") = "VoetbalDataLogger", "VoetbalDataLogger\VoetbalDataLogger.csproj", "{FDE26198-D7ED-45DC-86E3-B784E2723F9E}"
EndProject
Global
	GlobalSection(SolutionConfigurationPlatforms) = preSolution
		Debug|Any CPU = Debug|Any CPU
		Release|Any CPU = Release|Any CPU
	EndGlobalSection
	GlobalSection(ProjectConfigurationPlatforms) = postSolution
		{FDE26198-D7ED-45DC-86E3-B784E2723F9E}.Debug|Any CPU.ActiveCfg = Debug|Any CPU
		{FDE26198-D7ED-45DC-86E3-B784E2723F9E}.Debug|Any CPU.Build.0 = Debug|Any CPU
		{FDE26198-D7ED-45DC-86E3-B784E2723F9E}.Release|Any CPU.ActiveCfg = Release|Any CPU
		{FDE26198-D7ED-45DC-86E3-B784E2723F9E}.Release|Any CPU.Build.0 = Release|Any CPU
	EndGlobalSection
	GlobalSection(SolutionProperties) = preSolution
		HideSolutionNode = FALSE
	EndGlobalSection
	GlobalSection(ExtensibilityGlobals) = postSolution
		SolutionGuid = {3B7C1858-8227-4CB1-AA23-8B2B4B129944}
	EndGlobalSection
EndGlobal
